
Microsoft Visual Studio Solution File, Format Version 12.00
# Visual Studio Version 16
VisualStudioVersion = 16.0.29001.49
MinimumVisualStudioVersion = 10.0.40219.1
Project("{9A19103F-16F7-4668-BE54-9A1E7A4F7556}") = "Jalalian", "Jalalian\Jalalian.csproj", "{BE1302CE-6749-48F8-AE58-72C2895117BE}"
EndProject
Project("{9A19103F-16F7-4668-BE54-9A1E7A4F7556}") = "Jafari", "Jafari\Jafari.csproj", "{5777B7BD-AB62-4F72-9A07-8178E89E4A91}"
EndProject
Project("{9A19103F-16F7-4668-BE54-9A1E7A4F7556}") = "Akhavan", "Akhavan\Akhavan.csproj", "{161B3B2A-27A8-4DBF-8AC2-71F7C7290E16}"
EndProject
Project("{9A19103F-16F7-4668-BE54-9A1E7A4F7556}") = "Azhdari", "Azhdari\Azhdari.csproj", "{280DAD9C-8DC8-46A7-AA4A-5923F19CC174}"
EndProject
Project("{9A19103F-16F7-4668-BE54-9A1E7A4F7556}") = "Jahanyar", "Jahanyar\Jahanyar.csproj", "{2925156C-0FCC-41B7-9244-3D9D5A809475}"
EndProject
Project("{9A19103F-16F7-4668-BE54-9A1E7A4F7556}") = "Karimian", "Karimian\Karimian.csproj", "{D20A0812-8D88-4525-8EAA-06299D51F15D}"
EndProject
Project("{9A19103F-16F7-4668-BE54-9A1E7A4F7556}") = "ShokouhMaghami", "ShokouhMaghami\ShokouhMaghami.csproj", "{E5C4A33A-2326-4D8E-861E-C348DB59B141}"
EndProject
Project("{9A19103F-16F7-4668-BE54-9A1E7A4F7556}") = "Cisco", "Cisco\Cisco.csproj", "{4796DD48-3E2C-4327-B485-CA52975CCB09}"
EndProject
Project("{9A19103F-16F7-4668-BE54-9A1E7A4F7556}") = "Tools", "Tools\Tools.csproj", "{2B2BF7FF-4B64-423C-8D39-65314BC0DFA0}"
EndProject
Project("{9A19103F-16F7-4668-BE54-9A1E7A4F7556}") = "Z_TestConsole", "Z_TestConsole\Z_TestConsole.csproj", "{BF7A5AF9-55CF-44FD-BFB3-8AE9B8A1A102}"
EndProject
Global
	GlobalSection(SolutionConfigurationPlatforms) = preSolution
		Debug|Any CPU = Debug|Any CPU
		Release|Any CPU = Release|Any CPU
	EndGlobalSection
	GlobalSection(ProjectConfigurationPlatforms) = postSolution
		{BE1302CE-6749-48F8-AE58-72C2895117BE}.Debug|Any CPU.ActiveCfg = Debug|Any CPU
		{BE1302CE-6749-48F8-AE58-72C2895117BE}.Debug|Any CPU.Build.0 = Debug|Any CPU
		{BE1302CE-6749-48F8-AE58-72C2895117BE}.Release|Any CPU.ActiveCfg = Release|Any CPU
		{BE1302CE-6749-48F8-AE58-72C2895117BE}.Release|Any CPU.Build.0 = Release|Any CPU
		{5777B7BD-AB62-4F72-9A07-8178E89E4A91}.Debug|Any CPU.ActiveCfg = Debug|Any CPU
		{5777B7BD-AB62-4F72-9A07-8178E89E4A91}.Debug|Any CPU.Build.0 = Debug|Any CPU
		{5777B7BD-AB62-4F72-9A07-8178E89E4A91}.Release|Any CPU.ActiveCfg = Release|Any CPU
		{5777B7BD-AB62-4F72-9A07-8178E89E4A91}.Release|Any CPU.Build.0 = Release|Any CPU
		{161B3B2A-27A8-4DBF-8AC2-71F7C7290E16}.Debug|Any CPU.ActiveCfg = Debug|Any CPU
		{161B3B2A-27A8-4DBF-8AC2-71F7C7290E16}.Debug|Any CPU.Build.0 = Debug|Any CPU
		{161B3B2A-27A8-4DBF-8AC2-71F7C7290E16}.Release|Any CPU.ActiveCfg = Release|Any CPU
		{161B3B2A-27A8-4DBF-8AC2-71F7C7290E16}.Release|Any CPU.Build.0 = Release|Any CPU
		{280DAD9C-8DC8-46A7-AA4A-5923F19CC174}.Debug|Any CPU.ActiveCfg = Debug|Any CPU
		{280DAD9C-8DC8-46A7-AA4A-5923F19CC174}.Debug|Any CPU.Build.0 = Debug|Any CPU
		{280DAD9C-8DC8-46A7-AA4A-5923F19CC174}.Release|Any CPU.ActiveCfg = Release|Any CPU
		{280DAD9C-8DC8-46A7-AA4A-5923F19CC174}.Release|Any CPU.Build.0 = Release|Any CPU
		{2925156C-0FCC-41B7-9244-3D9D5A809475}.Debug|Any CPU.ActiveCfg = Debug|Any CPU
		{2925156C-0FCC-41B7-9244-3D9D5A809475}.Debug|Any CPU.Build.0 = Debug|Any CPU
		{2925156C-0FCC-41B7-9244-3D9D5A809475}.Release|Any CPU.ActiveCfg = Release|Any CPU
		{2925156C-0FCC-41B7-9244-3D9D5A809475}.Release|Any CPU.Build.0 = Release|Any CPU
		{D20A0812-8D88-4525-8EAA-06299D51F15D}.Debug|Any CPU.ActiveCfg = Debug|Any CPU
		{D20A0812-8D88-4525-8EAA-06299D51F15D}.Debug|Any CPU.Build.0 = Debug|Any CPU
		{D20A0812-8D88-4525-8EAA-06299D51F15D}.Release|Any CPU.ActiveCfg = Release|Any CPU
		{D20A0812-8D88-4525-8EAA-06299D51F15D}.Release|Any CPU.Build.0 = Release|Any CPU
		{E5C4A33A-2326-4D8E-861E-C348DB59B141}.Debug|Any CPU.ActiveCfg = Debug|Any CPU
		{E5C4A33A-2326-4D8E-861E-C348DB59B141}.Debug|Any CPU.Build.0 = Debug|Any CPU
		{E5C4A33A-2326-4D8E-861E-C348DB59B141}.Release|Any CPU.ActiveCfg = Release|Any CPU
		{E5C4A33A-2326-4D8E-861E-C348DB59B141}.Release|Any CPU.Build.0 = Release|Any CPU
		{4796DD48-3E2C-4327-B485-CA52975CCB09}.Debug|Any CPU.ActiveCfg = Debug|Any CPU
		{4796DD48-3E2C-4327-B485-CA52975CCB09}.Debug|Any CPU.Build.0 = Debug|Any CPU
		{4796DD48-3E2C-4327-B485-CA52975CCB09}.Release|Any CPU.ActiveCfg = Release|Any CPU
		{4796DD48-3E2C-4327-B485-CA52975CCB09}.Release|Any CPU.Build.0 = Release|Any CPU
		{2B2BF7FF-4B64-423C-8D39-65314BC0DFA0}.Debug|Any CPU.ActiveCfg = Debug|Any CPU
		{2B2BF7FF-4B64-423C-8D39-65314BC0DFA0}.Debug|Any CPU.Build.0 = Debug|Any CPU
		{2B2BF7FF-4B64-423C-8D39-65314BC0DFA0}.Release|Any CPU.ActiveCfg = Release|Any CPU
		{2B2BF7FF-4B64-423C-8D39-65314BC0DFA0}.Release|Any CPU.Build.0 = Release|Any CPU
		{BF7A5AF9-55CF-44FD-BFB3-8AE9B8A1A102}.Debug|Any CPU.ActiveCfg = Debug|Any CPU
		{BF7A5AF9-55CF-44FD-BFB3-8AE9B8A1A102}.Debug|Any CPU.Build.0 = Debug|Any CPU
		{BF7A5AF9-55CF-44FD-BFB3-8AE9B8A1A102}.Release|Any CPU.ActiveCfg = Release|Any CPU
		{BF7A5AF9-55CF-44FD-BFB3-8AE9B8A1A102}.Release|Any CPU.Build.0 = Release|Any CPU
	EndGlobalSection
	GlobalSection(SolutionProperties) = preSolution
		HideSolutionNode = FALSE
	EndGlobalSection
	GlobalSection(ExtensibilityGlobals) = postSolution
		SolutionGuid = {02513291-942F-4750-AF11-17F602D07BF7}
	EndGlobalSection
EndGlobal
